
Microsoft Visual Studio Solution File, Format Version 12.00
# Visual Studio Version 17
VisualStudioVersion = 17.0.31903.59
MinimumVisualStudioVersion = 10.0.40219.1
Project("{2150E333-8FDC-42A3-9474-1A3956D46DE8}") = "src", "src", "{8DE80A66-F8E4-4773-82B5-A169C10B72C6}"
EndProject
Project("{2150E333-8FDC-42A3-9474-1A3956D46DE8}") = "VibePruner.Core", "VibePruner.Core", "{8DCCF4D9-C067-4DDE-AFB0-E2F323878678}"
EndProject
Project("{FAE04EC0-301F-11D3-BF4B-00C04F79EFBC}") = "VibePruner.Core", "src\VibePruner.Core\VibePruner.Core\VibePruner.Core.csproj", "{29B7E5AD-5231-4C7F-BF28-884DA46E8373}"
EndProject
Project("{2150E333-8FDC-42A3-9474-1A3956D46DE8}") = "VibePruner.Infrastructure", "VibePruner.Infrastructure", "{925076C9-549D-4CBE-9C55-206E0FE03D27}"
EndProject
Project("{FAE04EC0-301F-11D3-BF4B-00C04F79EFBC}") = "VibePruner.Infrastructure", "src\VibePruner.Infrastructure\VibePruner.Infrastructure\VibePruner.Infrastructure.csproj", "{A7713337-824B-4040-A62F-27F67EB3B2CF}"
EndProject
Project("{2150E333-8FDC-42A3-9474-1A3956D46DE8}") = "VibePruner.Application", "VibePruner.Application", "{EDE0D494-7B65-443A-984D-772D08FB12F0}"
EndProject
Project("{FAE04EC0-301F-11D3-BF4B-00C04F79EFBC}") = "VibePruner.Application", "src\VibePruner.Application\VibePruner.Application\VibePruner.Application.csproj", "{42141CA4-662A-4FC9-A992-F9F8DDDD6421}"
EndProject
Project("{2150E333-8FDC-42A3-9474-1A3956D46DE8}") = "VibePruner.CLI", "VibePruner.CLI", "{148EDC55-E46D-49CB-9E50-1EEF85C4E8E8}"
EndProject
Project("{FAE04EC0-301F-11D3-BF4B-00C04F79EFBC}") = "VibePruner.CLI", "src\VibePruner.CLI\VibePruner.CLI\VibePruner.CLI.csproj", "{6AD333DD-BAAA-42C9-B4EC-626A47878E7A}"
EndProject
Project("{2150E333-8FDC-42A3-9474-1A3956D46DE8}") = "VibePruner.API", "VibePruner.API", "{EA9FCA2E-2E68-4669-B1A5-B85528689C00}"
EndProject
Project("{FAE04EC0-301F-11D3-BF4B-00C04F79EFBC}") = "VibePruner.API", "src\VibePruner.API\VibePruner.API\VibePruner.API.csproj", "{22EBC9AC-0D80-4A92-84A4-EE2CFD5FE894}"
EndProject
Global
	GlobalSection(SolutionConfigurationPlatforms) = preSolution
		Debug|Any CPU = Debug|Any CPU
		Release|Any CPU = Release|Any CPU
	EndGlobalSection
	GlobalSection(SolutionProperties) = preSolution
		HideSolutionNode = FALSE
	EndGlobalSection
	GlobalSection(ProjectConfigurationPlatforms) = postSolution
		{29B7E5AD-5231-4C7F-BF28-884DA46E8373}.Debug|Any CPU.ActiveCfg = Debug|Any CPU
		{29B7E5AD-5231-4C7F-BF28-884DA46E8373}.Debug|Any CPU.Build.0 = Debug|Any CPU
		{29B7E5AD-5231-4C7F-BF28-884DA46E8373}.Release|Any CPU.ActiveCfg = Release|Any CPU
		{29B7E5AD-5231-4C7F-BF28-884DA46E8373}.Release|Any CPU.Build.0 = Release|Any CPU
		{A7713337-824B-4040-A62F-27F67EB3B2CF}.Debug|Any CPU.ActiveCfg = Debug|Any CPU
		{A7713337-824B-4040-A62F-27F67EB3B2CF}.Debug|Any CPU.Build.0 = Debug|Any CPU
		{A7713337-824B-4040-A62F-27F67EB3B2CF}.Release|Any CPU.ActiveCfg = Release|Any CPU
		{A7713337-824B-4040-A62F-27F67EB3B2CF}.Release|Any CPU.Build.0 = Release|Any CPU
		{42141CA4-662A-4FC9-A992-F9F8DDDD6421}.Debug|Any CPU.ActiveCfg = Debug|Any CPU
		{42141CA4-662A-4FC9-A992-F9F8DDDD6421}.Debug|Any CPU.Build.0 = Debug|Any CPU
		{42141CA4-662A-4FC9-A992-F9F8DDDD6421}.Release|Any CPU.ActiveCfg = Release|Any CPU
		{42141CA4-662A-4FC9-A992-F9F8DDDD6421}.Release|Any CPU.Build.0 = Release|Any CPU
		{6AD333DD-BAAA-42C9-B4EC-626A47878E7A}.Debug|Any CPU.ActiveCfg = Debug|Any CPU
		{6AD333DD-BAAA-42C9-B4EC-626A47878E7A}.Debug|Any CPU.Build.0 = Debug|Any CPU
		{6AD333DD-BAAA-42C9-B4EC-626A47878E7A}.Release|Any CPU.ActiveCfg = Release|Any CPU
		{6AD333DD-BAAA-42C9-B4EC-626A47878E7A}.Release|Any CPU.Build.0 = Release|Any CPU
		{22EBC9AC-0D80-4A92-84A4-EE2CFD5FE894}.Debug|Any CPU.ActiveCfg = Debug|Any CPU
		{22EBC9AC-0D80-4A92-84A4-EE2CFD5FE894}.Debug|Any CPU.Build.0 = Debug|Any CPU
		{22EBC9AC-0D80-4A92-84A4-EE2CFD5FE894}.Release|Any CPU.ActiveCfg = Release|Any CPU
		{22EBC9AC-0D80-4A92-84A4-EE2CFD5FE894}.Release|Any CPU.Build.0 = Release|Any CPU
	EndGlobalSection
	GlobalSection(NestedProjects) = preSolution
		{8DCCF4D9-C067-4DDE-AFB0-E2F323878678} = {8DE80A66-F8E4-4773-82B5-A169C10B72C6}
		{29B7E5AD-5231-4C7F-BF28-884DA46E8373} = {8DCCF4D9-C067-4DDE-AFB0-E2F323878678}
		{925076C9-549D-4CBE-9C55-206E0FE03D27} = {8DE80A66-F8E4-4773-82B5-A169C10B72C6}
		{A7713337-824B-4040-A62F-27F67EB3B2CF} = {925076C9-549D-4CBE-9C55-206E0FE03D27}
		{EDE0D494-7B65-443A-984D-772D08FB12F0} = {8DE80A66-F8E4-4773-82B5-A169C10B72C6}
		{42141CA4-662A-4FC9-A992-F9F8DDDD6421} = {EDE0D494-7B65-443A-984D-772D08FB12F0}
		{148EDC55-E46D-49CB-9E50-1EEF85C4E8E8} = {8DE80A66-F8E4-4773-82B5-A169C10B72C6}
		{6AD333DD-BAAA-42C9-B4EC-626A47878E7A} = {148EDC55-E46D-49CB-9E50-1EEF85C4E8E8}
		{EA9FCA2E-2E68-4669-B1A5-B85528689C00} = {8DE80A66-F8E4-4773-82B5-A169C10B72C6}
		{22EBC9AC-0D80-4A92-84A4-EE2CFD5FE894} = {EA9FCA2E-2E68-4669-B1A5-B85528689C00}
	EndGlobalSection
EndGlobal
